
Microsoft Visual Studio Solution File, Format Version 12.00
# Visual Studio Version 16
VisualStudioVersion = 16.0.30523.141
MinimumVisualStudioVersion = 10.0.40219.1
Project("{FAE04EC0-301F-11D3-BF4B-00C04F79EFBC}") = "UAS2733", "UAS2733\UAS2733.csproj", "{353B74A9-DAF3-4A12-B4C3-43C27CF52A0A}"
EndProject
Global
	GlobalSection(SolutionConfigurationPlatforms) = preSolution
		Debug|Any CPU = Debug|Any CPU
		Release|Any CPU = Release|Any CPU
	EndGlobalSection
	GlobalSection(ProjectConfigurationPlatforms) = postSolution
		{353B74A9-DAF3-4A12-B4C3-43C27CF52A0A}.Debug|Any CPU.ActiveCfg = Debug|Any CPU
		{353B74A9-DAF3-4A12-B4C3-43C27CF52A0A}.Debug|Any CPU.Build.0 = Debug|Any CPU
		{353B74A9-DAF3-4A12-B4C3-43C27CF52A0A}.Release|Any CPU.ActiveCfg = Release|Any CPU
		{353B74A9-DAF3-4A12-B4C3-43C27CF52A0A}.Release|Any CPU.Build.0 = Release|Any CPU
	EndGlobalSection
	GlobalSection(SolutionProperties) = preSolution
		HideSolutionNode = FALSE
	EndGlobalSection
	GlobalSection(ExtensibilityGlobals) = postSolution
		SolutionGuid = {F2F80F4B-6F55-4DD9-B9BD-E96CEDF4840D}
	EndGlobalSection
EndGlobal
